
Microsoft Visual Studio Solution File, Format Version 12.00
# Visual Studio Version 17
VisualStudioVersion = 17.14.36109.1
MinimumVisualStudioVersion = 10.0.40219.1
Project("{FAE04EC0-301F-11D3-BF4B-00C04F79EFBC}") = "BananaSplit", "BananaSplit\BananaSplit.csproj", "{EC918B5D-EFE5-48EA-8F51-C05574198135}"
EndProject
Project("{FAE04EC0-301F-11D3-BF4B-00C04F79EFBC}") = "Test", "Test\Test.csproj", "{BAD3E14B-AA4E-4853-9557-AC2C83A226E0}"
EndProject
Global
	GlobalSection(SolutionConfigurationPlatforms) = preSolution
		Debug|Any CPU = Debug|Any CPU
		Debug|x64 = Debug|x64
		Release|Any CPU = Release|Any CPU
		Release|x64 = Release|x64
	EndGlobalSection
	GlobalSection(ProjectConfigurationPlatforms) = postSolution
		{EC918B5D-EFE5-48EA-8F51-C05574198135}.Debug|Any CPU.ActiveCfg = Debug|Any CPU
		{EC918B5D-EFE5-48EA-8F51-C05574198135}.Debug|Any CPU.Build.0 = Debug|Any CPU
		{EC918B5D-EFE5-48EA-8F51-C05574198135}.Debug|x64.ActiveCfg = Debug|x64
		{EC918B5D-EFE5-48EA-8F51-C05574198135}.Debug|x64.Build.0 = Debug|x64
		{EC918B5D-EFE5-48EA-8F51-C05574198135}.Release|Any CPU.ActiveCfg = Release|Any CPU
		{EC918B5D-EFE5-48EA-8F51-C05574198135}.Release|Any CPU.Build.0 = Release|Any CPU
		{EC918B5D-EFE5-48EA-8F51-C05574198135}.Release|x64.ActiveCfg = Release|x64
		{EC918B5D-EFE5-48EA-8F51-C05574198135}.Release|x64.Build.0 = Release|x64
		{BAD3E14B-AA4E-4853-9557-AC2C83A226E0}.Debug|Any CPU.ActiveCfg = Debug|Any CPU
		{BAD3E14B-AA4E-4853-9557-AC2C83A226E0}.Debug|Any CPU.Build.0 = Debug|Any CPU
		{BAD3E14B-AA4E-4853-9557-AC2C83A226E0}.Debug|x64.ActiveCfg = Debug|Any CPU
		{BAD3E14B-AA4E-4853-9557-AC2C83A226E0}.Debug|x64.Build.0 = Debug|Any CPU
		{BAD3E14B-AA4E-4853-9557-AC2C83A226E0}.Release|Any CPU.ActiveCfg = Release|Any CPU
		{BAD3E14B-AA4E-4853-9557-AC2C83A226E0}.Release|Any CPU.Build.0 = Release|Any CPU
		{BAD3E14B-AA4E-4853-9557-AC2C83A226E0}.Release|x64.ActiveCfg = Release|Any CPU
		{BAD3E14B-AA4E-4853-9557-AC2C83A226E0}.Release|x64.Build.0 = Release|Any CPU
	EndGlobalSection
	GlobalSection(SolutionProperties) = preSolution
		HideSolutionNode = FALSE
	EndGlobalSection
	GlobalSection(ExtensibilityGlobals) = postSolution
		SolutionGuid = {CA107A36-4967-4BBF-81C0-682AEBB81A55}
	EndGlobalSection
EndGlobal
